# THIS IS AN AUTOGENERATED FILE. DO NOT EDIT THIS FILE DIRECTLY.
assets/banner.jpg:
  development: 2018-11-02T00:28:28-04:00   35d50fa57c1916bf1b21bed65814623a
assets/gift-card.scss.liquid:
  development: 2018-11-02T00:28:28-04:00
assets/ico-select.svg.liquid:
  development: 2018-11-02T00:28:28-04:00   9c9cc5a57cc74a0a64c2f62b1370a920
assets/icon-slideshow-left.svg.liquid:
  development: 2018-11-02T00:28:29-04:00   a067b6819f2de02e4a4071424fcf9efc
assets/icon-slideshow-right.svg.liquid:
  development: 2018-11-02T00:28:29-04:00   4962616631b7306c922577823a9f5b30
assets/jquery-1.11.0.min.js:
  development: 2018-11-02T00:28:29-04:00   8fc25e27d42774aeae6edbc0a18b72aa
assets/lazysizes.min.js:
  development: 2018-11-02T00:28:29-04:00   f2a5b6f596a7729e2661a6d2595d61c9
assets/modernizr.min.js:
  development: 2018-11-02T00:28:29-04:00   293e451a80e8d63bb419a96311562ff9
assets/theme.js.liquid:
  development: 2018-11-02T00:28:30-04:00   b0ef2f11789b53ad7abb812f5390824d
assets/theme.scss.liquid:
  development: 2018-11-02T00:28:30-04:00   e04c8d57382615deb85f3b55dce303ec
config/settings_data.json:
  development: 2018-11-02T00:28:34-04:00   281e9587500fc44575d8a3d8921f0cc9
config/settings_schema.json:
  development: 2018-11-02T00:28:34-04:00   9691c428c06b7cfa18a8f842ae9281ca
layout/password.liquid:
  development: 2018-11-02T00:28:30-04:00   ad505793cf76ef5a7bd827d178ed5a65
layout/theme.liquid:
  development: 2018-11-02T00:28:30-04:00   4e7911628ec7bde7bbe9ba269f562a9e
locales/da.json:
  development: 2018-11-02T00:28:30-04:00   d033521dcc938ab18544b64f33c49360
locales/de.json:
  development: 2018-11-02T00:28:30-04:00   227a66e8d0b1fa888b4c5ccf6e7245f1
locales/en.default.json:
  development: 2018-11-02T00:28:30-04:00   c685915b5fac9a169c81d64ecd3b9ced
locales/es.json:
  development: 2018-11-02T00:28:30-04:00   005298a48fd49d342ab6ff98bfabd8e9
locales/fr.json:
  development: 2018-11-02T00:28:30-04:00   e81aebb1ee46ee878964212da6013acb
locales/it.json:
  development: 2018-11-02T00:28:30-04:00   4c21ac15629389615fcce29ca331a293
locales/ja.json:
  development: 2018-11-02T00:28:30-04:00   0416b77358d84ed09ae3f49551768259
locales/nl.json:
  development: 2018-11-02T00:28:31-04:00   5f50e5ee856a2bec57d28374561b6ae3
locales/pt-BR.json:
  development: 2018-11-02T00:28:31-04:00   3eb2fcc4821fdc010ea8c637640c2102
locales/pt-PT.json:
  development: 2018-11-02T00:28:31-04:00   edab98aa8e71deaefa4c184b83f691f3
sections/advanced-content.liquid:
  development: 2018-11-02T00:28:27-04:00   dc7348df8318943589f299f158a5630f
sections/article-template.liquid:
  development: 2018-11-02T00:28:27-04:00   9514f7b7689a1fb3bc29ca6a9d43b059
sections/collection-list.liquid:
  development: 2018-11-02T00:28:27-04:00   480259aa55ffff339920c135dc41ca6f
sections/collection-template.liquid:
  development: 2018-11-02T00:28:27-04:00   6c25eb781d9c0db3ea4b9457c76b5ca6
sections/featured-banner.liquid:
  development: 2018-11-02T00:28:27-04:00   0b62db14fa60c97b6c71cc3df4e364ec
sections/featured-blog.liquid:
  development: 2018-11-02T00:28:27-04:00   71860bd8d37fc21844a3d29e1942fdcd
sections/featured-content.liquid:
  development: 2018-11-02T00:28:27-04:00   f377cb9379093cd3df3e06f237949eee
sections/featured-product.liquid:
  development: 2018-11-02T00:28:27-04:00   d61a6f81ac86908322814a625453a64a
sections/featured-products.liquid:
  development: 2018-11-02T00:28:27-04:00   de7ce40ebf870c5e81d130ad610fcf9d
sections/featured-row.liquid:
  development: 2018-11-02T00:28:27-04:00   547df928d619eeb2f47bc46b03711a1d
sections/featured-video.liquid:
  development: 2018-11-02T00:28:27-04:00   ddaa556ed92b32e750d8ec08fadc4d81
sections/footer.liquid:
  development: 2018-11-02T00:28:27-04:00   2b6251468606285e707de7d012082e96
sections/header.liquid:
  development: 2018-11-02T00:28:27-04:00   ca2f7ac264edacb54abf44820d40b3f5
sections/list-collections-template.liquid:
  development: 2018-11-02T00:28:27-04:00   a1366dd3121e920403e3e67b3ea2bb9e
sections/map.liquid:
  development: 2018-11-02T00:28:27-04:00   d2220fa03d5ea2430addd0693f4e0c72
sections/newsletter.liquid:
  development: 2018-11-02T00:28:28-04:00   65cf21c7727caaeaf977033b2b5e28cd
sections/password-content.liquid:
  development: 2018-11-02T00:28:28-04:00   80ae422a0611c3d010bd21b5af11e99e
sections/password-header.liquid:
  development: 2018-11-02T00:28:28-04:00   5329052012e3e64b18f8d7155ed929a8
sections/product-template.liquid:
  development: 2018-11-02T00:28:28-04:00   0eb4ebda80f62af638db99732ef48822
sections/sidebar.liquid:
  development: 2018-11-02T00:28:28-04:00   2e21e546438dff2bb13afb573c0d9df8
sections/slideshow.liquid:
  development: 2018-11-02T00:28:28-04:00   ebb292e6b80a2846f020e6b2c6a4f414
snippets/bgset.liquid:
  development: 2018-11-02T00:28:31-04:00   a28507bd19b215aa7a27c8a6a16e6f1b
snippets/breadcrumb-nav.liquid:
  development: 2018-11-02T00:28:31-04:00   1ed076de775544bbdc88865846d6dcc1
snippets/collection-grid-item.liquid:
  development: 2018-11-02T00:28:31-04:00   669167fa4f4196191ac923254531d189
snippets/comment.liquid:
  development: 2018-11-02T00:28:31-04:00   857825835ca6c43c28ee55e116e4c803
snippets/featured-blog.liquid:
  development: 2018-11-02T00:28:31-04:00   0498b92623d6812d7a3dd2290e4bbe76
snippets/icon-arrow-down.liquid:
  development: 2018-11-02T00:28:31-04:00   5f04b092b5cf026cd6fab3f33ebdf036
snippets/icon-arrow-right.liquid:
  development: 2018-11-02T00:28:31-04:00   673b5df6fc529ea067e1e043cdee0f6b
snippets/icon-cart.liquid:
  development: 2018-11-02T00:28:31-04:00   f9b69bc3b59ab9522e8acaf26177cd4b
snippets/icon-close.liquid:
  development: 2018-11-02T00:28:31-04:00   1ae4758b5f5e0acc627a32e96ed79da9
snippets/icon-facebook.liquid:
  development: 2018-11-02T00:28:31-04:00   334588042b292f2d7335fd2791c35eca
snippets/icon-fancy.liquid:
  development: 2018-11-02T00:28:31-04:00   1b2e8c5ae0be6a60661773457b03c075
snippets/icon-google-plus.liquid:
  development: 2018-11-02T00:28:31-04:00   695eb6c232c09607080a51159cb81ef0
snippets/icon-hamburger.liquid:
  development: 2018-11-02T00:28:31-04:00   376481fbfb3706d72c5a9ecd55394ae5
snippets/icon-instagram.liquid:
  development: 2018-11-02T00:28:31-04:00   bf50214819f6e2a5f053593e2414526d
snippets/icon-lock.liquid:
  development: 2018-11-02T00:28:31-04:00   60ae7ba03d14efa582faed8855821a58
snippets/icon-minus.liquid:
  development: 2018-11-02T00:28:31-04:00   78c513424d498299e865f8a242823ad0
snippets/icon-pin.liquid:
  development: 2018-11-02T00:28:32-04:00   694162388571d6142ec30bc299d8ac91
snippets/icon-pinterest.liquid:
  development: 2018-11-02T00:28:32-04:00   701f2a785b3fa83d63e3ab54af060031
snippets/icon-plus.liquid:
  development: 2018-11-02T00:28:32-04:00   ba5297f64eb7ea97f1785e8166e11231
snippets/icon-rss.liquid:
  development: 2018-11-02T00:28:32-04:00   6493d6bcb850513a55823d4ff62b0f8b
snippets/icon-search.liquid:
  development: 2018-11-02T00:28:32-04:00   a87ad34972418ed6358f17c62949f804
snippets/icon-shopify-logo.liquid:
  development: 2018-11-02T00:28:32-04:00   3f0b70f9e01be5b25507d25a732ecde7
snippets/icon-snapchat.liquid:
  development: 2018-11-02T00:28:32-04:00   9ed6937e3232c9034976be2b8ed9f673
snippets/icon-tumblr.liquid:
  development: 2018-11-02T00:28:32-04:00   d71a4ada77a8a9b6bd792bdafef393de
snippets/icon-twitter.liquid:
  development: 2018-11-02T00:28:32-04:00   24047c22697a23a0baabf2804adc6c11
snippets/icon-update.liquid:
  development: 2018-11-02T00:28:32-04:00   5f2d0971896ba025061affa5e0c8aa2b
snippets/icon-vimeo.liquid:
  development: 2018-11-02T00:28:32-04:00   a229ed8a1a81e6ef95ad621f8a34efb6
snippets/icon-youtube.liquid:
  development: 2018-11-02T00:28:32-04:00   9d72c5bc3eaa14a3e7aefd921881b1ae
snippets/image-style.liquid:
  development: 2018-11-02T00:28:32-04:00   4dc520141f123f01c25d0e0aff4b59fe
snippets/newsletter.liquid:
  development: 2018-11-02T00:28:32-04:00   a51e22413a3786c33070c980374060bb
snippets/onboarding-featured-blog.liquid:
  development: 2018-11-02T00:28:32-04:00   112c2401c0473fff01bbe7e034661aa8
snippets/product-description.liquid:
  development: 2018-11-02T00:28:32-04:00   1eeacd0e7951c54eac1d303ee05fa847
snippets/product-grid-item.liquid:
  development: 2018-11-02T00:28:32-04:00   bea5fe33d9ad5e80f8fcf2585b47ad92
snippets/related-products.liquid:
  development: 2018-11-02T00:28:32-04:00   633251cae57fa8ba8fef75bd44c9725b
snippets/social-meta-tags.liquid:
  development: 2018-11-02T00:28:32-04:00   ae9e213401623b2601abf0ace8e21537
snippets/social-sharing.liquid:
  development: 2018-11-02T00:28:33-04:00   00ef62633c4438c98624f913e802974f
templates/404.liquid:
  development: 2018-11-02T00:28:33-04:00   44a6b0129de575e7085a047bc2096a76
templates/article.liquid:
  development: 2018-11-02T00:28:33-04:00   08563437ca9c95766c220339923d2899
templates/blog.liquid:
  development: 2018-11-02T00:28:33-04:00   aa84ffccd2208fd2dd40f33a5167093f
templates/cart.liquid:
  development: 2018-11-02T00:28:33-04:00   cf72a4f24535d744e0985e87543f915b
templates/collection.liquid:
  development: 2018-11-02T00:28:33-04:00   2a3d1329a10102fc0d2aec5467c0018e
templates/customers/account.liquid:
  development: 2018-11-02T00:28:33-04:00   879221a1310ebe324aa78d357ec44c9d
templates/customers/activate_account.liquid:
  development: 2018-11-02T00:28:33-04:00   cfd3f62f96d190e3dc903daaa8cac975
templates/customers/addresses.liquid:
  development: 2018-11-02T00:28:33-04:00   a82a99a3b45479b9fbd86659d00d81b6
templates/customers/login.liquid:
  development: 2018-11-02T00:28:33-04:00   47d6b4c6e71a3334d8d82afe463cfeff
templates/customers/order.liquid:
  development: 2018-11-02T00:28:33-04:00   27be1d92fd84b80163364b5dc7d84c3b
templates/customers/register.liquid:
  development: 2018-11-02T00:28:33-04:00   e7a90aeec9ee063a59246f347405c987
templates/customers/reset_password.liquid:
  development: 2018-11-02T00:28:33-04:00   0aa406cf9eade91838a28d628a776207
templates/gift_card.liquid:
  development: 2018-11-02T00:28:33-04:00   685df6efb1dcd127f670cde842d5f5bc
templates/index.liquid:
  development: 2018-11-02T00:28:33-04:00   f928d6eada4f0a3d891309421f31f99f
templates/list-collections.liquid:
  development: 2018-11-02T00:28:33-04:00   eabed71f62563b929b8da83a4aeacbfb
templates/page.contact.liquid:
  development: 2018-11-02T00:28:33-04:00   d4e3284c89f398f0feab0952f64ca5ac
templates/page.liquid:
  development: 2018-11-02T00:28:33-04:00   e1b64d2499164dede0a7c6df21b03f9c
templates/password.liquid:
  development: 2018-11-02T00:28:33-04:00   197aff54ed6868121a8feaa8b77f94e6
templates/product.liquid:
  development: 2018-11-02T00:28:33-04:00   8dc0a5ff5551ec620d64c92ba21689d8
templates/search.liquid:
  development: 2018-11-02T00:28:33-04:00   512629375f37d716c110b5445fad531a
